dependencies:
- name: grid-enrollment
  repository: file://../dependencies/grid-enrollment
  version: 0.1.0
- name: grid-operator
  repository: file://../dependencies/grid-operator
  version: 0.1.4
- name: praxis-gateway
  repository: file://../dependencies/praxis-gateway
  version: 0.1.4
digest: sha256:14f7eabf845c88c72c2a0a074a71d242d3b1af6c54b7c29d9bd01392b8b8d524
generated: "2026-09-29T16:07:51.226623144-04:00"
